// !$*UTF8*$!
{
	archiveVersion = 1;
	classes = {
	};
	objectVersion = 55;
	objects = {

/* Begin PBXBuildFile section */
		66FDDA7BFB44FED2BD62E860 /* Pods_Flix_FlixUITests.framework in Frameworks */ = {isa = PBXBuildFile; fileRef = 059D8A73312C9D122FCB4F56 /* Pods_Flix_FlixUITests.framework */; };
		8C00172E7952C1F7935592CC /* Pods_FlixTests.framework in Frameworks */ = {isa = PBXBuildFile; fileRef = 3D700AA4215346EC9AEE7313 /* Pods_FlixTests.framework */; };
		A8262B9028CE49DF0066C922 /* AppDelegate.swift in Sources */ = {isa = PBXBuildFile; fileRef = A8262B8F28CE49DF0066C922 /* AppDelegate.swift */; };
		A8262B9228CE49DF0066C922 /* SceneDelegate.swift in Sources */ = {isa = PBXBuildFile; fileRef = A8262B9128CE49DF0066C922 /* SceneDelegate.swift */; };
		A8262B9428CE49DF0066C922 /* MoviesViewController.swift in Sources */ = {isa = PBXBuildFile; fileRef = A8262B9328CE49DF0066C922 /* MoviesViewController.swift */; };
		A8262B9728CE49DF0066C922 /* Main.storyboard in Resources */ = {isa = PBXBuildFile; fileRef = A8262B9528CE49DF0066C922 /* Main.storyboard */; };
		A8262B9928CE49E10066C922 /* Assets.xcassets in Resources */ = {isa = PBXBuildFile; fileRef = A8262B9828CE49E10066C922 /* Assets.xcassets */; };
		A8262B9C28CE49E10066C922 /* LaunchScreen.storyboard in Resources */ = {isa = PBXBuildFile; fileRef = A8262B9A28CE49E10066C922 /* LaunchScreen.storyboard */; };
		A8262BA728CE49E10066C922 /* FlixTests.swift in Sources */ = {isa = PBXBuildFile; fileRef = A8262BA628CE49E10066C922 /* FlixTests.swift */; };
		A8262BB128CE49E10066C922 /* FlixUITests.swift in Sources */ = {isa = PBXBuildFile; fileRef = A8262BB028CE49E10066C922 /* FlixUITests.swift */; };
		A8262BB328CE49E10066C922 /* FlixUITestsLaunchTests.swift in Sources */ = {isa = PBXBuildFile; fileRef = A8262BB228CE49E10066C922 /* FlixUITestsLaunchTests.swift */; };
		A8F8456428CE5DA500168DFB /* MovieCell.swift in Sources */ = {isa = PBXBuildFile; fileRef = A8F8456328CE5DA500168DFB /* MovieCell.swift */; };
		A8F8456728CE63F700168DFB /* AlamofireImage in Frameworks */ = {isa = PBXBuildFile; productRef = A8F8456628CE63F700168DFB /* AlamofireImage */; };
		CF14C44ABE6BB0FB8E4A6BB8 /* Pods_Flix.framework in Frameworks */ = {isa = PBXBuildFile; fileRef = FE321F4C3D5EF18CA93A9360 /* Pods_Flix.framework */; };
/* End PBXBuildFile section */

/* Begin PBXContainerItemProxy section */
		A8262BA328CE49E10066C922 /* PBXContainerItemProxy */ = {
			isa = PBXContainerItemProxy;
			containerPortal = A8262B8428CE49DF0066C922 /* Project object */;
			proxyType = 1;
			remoteGlobalIDString = A8262B8B28CE49DF0066C922;
			remoteInfo = Flix;
		};
		A8262BAD28CE49E10066C922 /* PBXContainerItemProxy */ = {
			isa = PBXContainerItemProxy;
			containerPortal = A8262B8428CE49DF0066C922 /* Project object */;
			proxyType = 1;
			remoteGlobalIDString = A8262B8B28CE49DF0066C922;
			remoteInfo = Flix;
		};
/* End PBXContainerItemProxy section */

/* Begin PBXFileReference section */
		059D8A73312C9D122FCB4F56 /* Pods_Flix_FlixUITests.framework */ = {isa = PBXFileReference; explicitFileType = wrapper.framework; includeInIndex = 0; path = Pods_Flix_FlixUITests.framework; sourceTree = BUILT_PRODUCTS_DIR; };
		3D700AA4215346EC9AEE7313 /* Pods_FlixTests.framework */ = {isa = PBXFileReference; explicitFileType = wrapper.framework; includeInIndex = 0; path = Pods_FlixTests.framework; sourceTree = BUILT_PRODUCTS_DIR; };
		5827108683B2D50C9CE0657D /* Pods-Flix-FlixUITests.release.xcconfig */ = {isa = PBXFileReference; includeInIndex = 1; lastKnownFileType = text.xcconfig; name = "Pods-Flix-FlixUITests.release.xcconfig"; path = "Target Support Files/Pods-Flix-FlixUITests/Pods-Flix-FlixUITests.release.xcconfig"; sourceTree = "<group>"; };
		84F143691156F8B8CC02C984 /* Pods-FlixTests.release.xcconfig */ = {isa = PBXFileReference; includeInIndex = 1; lastKnownFileType = text.xcconfig; name = "Pods-FlixTests.release.xcconfig"; path = "Target Support Files/Pods-FlixTests/Pods-FlixTests.release.xcconfig"; sourceTree = "<group>"; };
		A8262B8C28CE49DF0066C922 /* Flix.app */ = {isa = PBXFileReference; explicitFileType = wrapper.application; includeInIndex = 0; path = Flix.app; sourceTree = BUILT_PRODUCTS_DIR; };
		A8262B8F28CE49DF0066C922 /* AppDelegate.swift */ = {isa = PBXFileReference; lastKnownFileType = sourcecode.swift; path = AppDelegate.swift; sourceTree = "<group>"; };
		A8262B9128CE49DF0066C922 /* SceneDelegate.swift */ = {isa = PBXFileReference; lastKnownFileType = sourcecode.swift; path = SceneDelegate.swift; sourceTree = "<group>"; };
		A8262B9328CE49DF0066C922 /* MoviesViewController.swift */ = {isa = PBXFileReference; lastKnownFileType = sourcecode.swift; path = MoviesViewController.swift; sourceTree = "<group>"; };
		A8262B9628CE49DF0066C922 /* Base */ = {isa = PBXFileReference; lastKnownFileType = file.storyboard; name = Base; path = Base.lproj/Main.storyboard; sourceTree = "<group>"; };
		A8262B9828CE49E10066C922 /* Assets.xcassets */ = {isa = PBXFileReference; lastKnownFileType = folder.assetcatalog; path = Assets.xcassets; sourceTree = "<group>"; };
		A8262B9B28CE49E10066C922 /* Base */ = {isa = PBXFileReference; lastKnownFileType = file.storyboard; name = Base; path = Base.lproj/LaunchScreen.storyboard; sourceTree = "<group>"; };
		A8262B9D28CE49E10066C922 /* Info.plist */ = {isa = PBXFileReference; lastKnownFileType = text.plist.xml; path = Info.plist; sourceTree = "<group>"; };
		A8262BA228CE49E10066C922 /* FlixTests.xctest */ = {isa = PBXFileReference; explicitFileType = wrapper.cfbundle; includeInIndex = 0; path = FlixTests.xctest; sourceTree = BUILT_PRODUCTS_DIR; };
		A8262BA628CE49E10066C922 /* FlixTests.swift */ = {isa = PBXFileReference; lastKnownFileType = sourcecode.swift; path = FlixTests.swift; sourceTree = "<group>"; };
		A8262BAC28CE49E10066C922 /* FlixUITests.xctest */ = {isa = PBXFileReference; explicitFileType = wrapper.cfbundle; includeInIndex = 0; path = FlixUITests.xctest; sourceTree = BUILT_PRODUCTS_DIR; };
		A8262BB028CE49E10066C922 /* FlixUITests.swift */ = {isa = PBXFileReference; lastKnownFileType = sourcecode.swift; path = FlixUITests.swift; sourceTree = "<group>"; };
		A8262BB228CE49E10066C922 /* FlixUITestsLaunchTests.swift */ = {isa = PBXFileReference; lastKnownFileType = sourcecode.swift; path = FlixUITestsLaunchTests.swift; sourceTree = "<group>"; };
		A8F8456328CE5DA500168DFB /* MovieCell.swift */ = {isa = PBXFileReference; lastKnownFileType = sourcecode.swift; path = MovieCell.swift; sourceTree = "<group>"; };
		C03A4D4C7A1EC9CD695C4F8D /* Pods-Flix-FlixUITests.debug.xcconfig */ = {isa = PBXFileReference; includeInIndex = 1; lastKnownFileType = text.xcconfig; name = "Pods-Flix-FlixUITests.debug.xcconfig"; path = "Target Support Files/Pods-Flix-FlixUITests/Pods-Flix-FlixUITests.debug.xcconfig"; sourceTree = "<group>"; };
		CA0905756112828B618F1111 /* Pods-Flix.release.xcconfig */ = {isa = PBXFileReference; includeInIndex = 1; lastKnownFileType = text.xcconfig; name = "Pods-Flix.release.xcconfig"; path = "Target Support Files/Pods-Flix/Pods-Flix.release.xcconfig"; sourceTree = "<group>"; };
		DCFE0E0B0D069A68797E7F17 /* Pods-Flix.debug.xcconfig */ = {isa = PBXFileReference; includeInIndex = 1; lastKnownFileType = text.xcconfig; name = "Pods-Flix.debug.xcconfig"; path = "Target Support Files/Pods-Flix/Pods-Flix.debug.xcconfig"; sourceTree = "<group>"; };
		F1BC0C065A597560ACC4D5E6 /* Pods-FlixTests.debug.xcconfig */ = {isa = PBXFileReference; includeInIndex = 1; lastKnownFileType = text.xcconfig; name = "Pods-FlixTests.debug.xcconfig"; path = "Target Support Files/Pods-FlixTests/Pods-FlixTests.debug.xcconfig"; sourceTree = "<group>"; };
		FE321F4C3D5EF18CA93A9360 /* Pods_Flix.framework */ = {isa = PBXFileReference; explicitFileType = wrapper.framework; includeInIndex = 0; path = Pods_Flix.framework; sourceTree = BUILT_PRODUCTS_DIR; };
/* End PBXFileReference section */

/* Begin PBXFrameworksBuildPhase section */
		A8262B8928CE49DF0066C922 /* Frameworks */ = {
			isa = PBXFrameworksBuildPhase;
			buildActionMask = 2147483647;
			files = (
				A8F8456728CE63F700168DFB /* AlamofireImage in Frameworks */,
				CF14C44ABE6BB0FB8E4A6BB8 /* Pods_Flix.framework in Frameworks */,
			);
			runOnlyForDeploymentPostprocessing = 0;
		};
		A8262B9F28CE49E10066C922 /* Frameworks */ = {
			isa = PBXFrameworksBuildPhase;
			buildActionMask = 2147483647;
			files = (
				8C00172E7952C1F7935592CC /* Pods_FlixTests.framework in Frameworks */,
			);
			runOnlyForDeploymentPostprocessing = 0;
		};
		A8262BA928CE49E10066C922 /* Frameworks */ = {
			isa = PBXFrameworksBuildPhase;
			buildActionMask = 2147483647;
			files = (
				66FDDA7BFB44FED2BD62E860 /* Pods_Flix_FlixUITests.framework in Frameworks */,
			);
			runOnlyForDeploymentPostprocessing = 0;
		};
/* End PBXFrameworksBuildPhase section */

/* Begin PBXGroup section */
		3F9DE13361455C78BDC3BE1B /* Pods */ = {
			isa = PBXGroup;
			children = (
				DCFE0E0B0D069A68797E7F17 /* Pods-Flix.debug.xcconfig */,
				CA0905756112828B618F1111 /* Pods-Flix.release.xcconfig */,
				C03A4D4C7A1EC9CD695C4F8D /* Pods-Flix-FlixUITests.debug.xcconfig */,
				5827108683B2D50C9CE0657D /* Pods-Flix-FlixUITests.release.xcconfig */,
				F1BC0C065A597560ACC4D5E6 /* Pods-FlixTests.debug.xcconfig */,
				84F143691156F8B8CC02C984 /* Pods-FlixTests.release.xcconfig */,
			);
			name = Pods;
			path = Pods;
			sourceTree = "<group>";
		};
		A8262B8328CE49DF0066C922 = {
			isa = PBXGroup;
			children = (
				A8262B8E28CE49DF0066C922 /* Flix */,
				A8262BA528CE49E10066C922 /* FlixTests */,
				A8262BAF28CE49E10066C922 /* FlixUITests */,
				A8262B8D28CE49DF0066C922 /* Products */,
				3F9DE13361455C78BDC3BE1B /* Pods */,
				E7146A39D29624DF09A8CAC1 /* Frameworks */,
			);
			sourceTree = "<group>";
		};
		A8262B8D28CE49DF0066C922 /* Products */ = {
			isa = PBXGroup;
			children = (
				A8262B8C28CE49DF0066C922 /* Flix.app */,
				A8262BA228CE49E10066C922 /* FlixTests.xctest */,
				A8262BAC28CE49E10066C922 /* FlixUITests.xctest */,
			);
			name = Products;
			sourceTree = "<group>";
		};
		A8262B8E28CE49DF0066C922 /* Flix */ = {
			isa = PBXGroup;
			children = (
				A8262B8F28CE49DF0066C922 /* AppDelegate.swift */,
				A8262B9128CE49DF0066C922 /* SceneDelegate.swift */,
				A8262B9328CE49DF0066C922 /* MoviesViewController.swift */,
				A8262B9528CE49DF0066C922 /* Main.storyboard */,
				A8262B9828CE49E10066C922 /* Assets.xcassets */,
				A8262B9A28CE49E10066C922 /* LaunchScreen.storyboard */,
				A8262B9D28CE49E10066C922 /* Info.plist */,
				A8F8456328CE5DA500168DFB /* MovieCell.swift */,
			);
			path = Flix;
			sourceTree = "<group>";
		};
		A8262BA528CE49E10066C922 /* FlixTests */ = {
			isa = PBXGroup;
			children = (
				A8262BA628CE49E10066C922 /* FlixTests.swift */,
			);
			path = FlixTests;
			sourceTree = "<group>";
		};
		A8262BAF28CE49E10066C922 /* FlixUITests */ = {
			isa = PBXGroup;
			children = (
				A8262BB028CE49E10066C922 /* FlixUITests.swift */,
				A8262BB228CE49E10066C922 /* FlixUITestsLaunchTests.swift */,
			);
			path = FlixUITests;
			sourceTree = "<group>";
		};
		E7146A39D29624DF09A8CAC1 /* Frameworks */ = {
			isa = PBXGroup;
			children = (
				FE321F4C3D5EF18CA93A9360 /* Pods_Flix.framework */,
				059D8A73312C9D122FCB4F56 /* Pods_Flix_FlixUITests.framework */,
				3D700AA4215346EC9AEE7313 /* Pods_FlixTests.framework */,
			);
			name = Frameworks;
			sourceTree = "<group>";
		};
/* End PBXGroup section */

/* Begin PBXNativeTarget section */
		A8262B8B28CE49DF0066C922 /* Flix */ = {
			isa = PBXNativeTarget;
			buildConfigurationList = A8262BB628CE49E10066C922 /* Build configuration list for PBXNativeTarget "Flix" */;
			buildPhases = (
				AB4BD2E512F77496C540DC6C /* [CP] Check Pods Manifest.lock */,
				A8262B8828CE49DF0066C922 /* Sources */,
				A8262B8928CE49DF0066C922 /* Frameworks */,
				A8262B8A28CE49DF0066C922 /* Resources */,
				F35639B2E81CFF95F9D370F5 /* [CP] Embed Pods Frameworks */,
			);
			buildRules = (
			);
			dependencies = (
			);
			name = Flix;
			packageProductDependencies = (
				A8F8456628CE63F700168DFB /* AlamofireImage */,
			);
			productName = Flix;
			productReference = A8262B8C28CE49DF0066C922 /* Flix.app */;
			productType = "com.apple.product-type.application";
		};
		A8262BA128CE49E10066C922 /* FlixTests */ = {
			isa = PBXNativeTarget;
			buildConfigurationList = A8262BB928CE49E10066C922 /* Build configuration list for PBXNativeTarget "FlixTests" */;
			buildPhases = (
				654733D3BA1EA077CE81CB1B /* [CP] Check Pods Manifest.lock */,
				A8262B9E28CE49E10066C922 /* Sources */,
				A8262B9F28CE49E10066C922 /* Frameworks */,
				A8262BA028CE49E10066C922 /* Resources */,
			);
			buildRules = (
			);
			dependencies = (
				A8262BA428CE49E10066C922 /* PBXTargetDependency */,
			);
			name = FlixTests;
			productName = FlixTests;
			productReference = A8262BA228CE49E10066C922 /* FlixTests.xctest */;
			productType = "com.apple.product-type.bundle.unit-test";
		};
		A8262BAB28CE49E10066C922 /* FlixUITests */ = {
			isa = PBXNativeTarget;
			buildConfigurationList = A8262BBC28CE49E10066C922 /* Build configuration list for PBXNativeTarget "FlixUITests" */;
			buildPhases = (
				C45301F8D71F9F2D1518899C /* [CP] Check Pods Manifest.lock */,
				A8262BA828CE49E10066C922 /* Sources */,
				A8262BA928CE49E10066C922 /* Frameworks */,
				A8262BAA28CE49E10066C922 /* Resources */,
				3C1FA4244F71C89919F4A498 /* [CP] Embed Pods Frameworks */,
			);
			buildRules = (
			);
			dependencies = (
				A8262BAE28CE49E10066C922 /* PBXTargetDependency */,
			);
			name = FlixUITests;
			productName = FlixUITests;
			productReference = A8262BAC28CE49E10066C922 /* FlixUITests.xctest */;
			productType = "com.apple.product-type.bundle.ui-testing";
		};
/* End PBXNativeTarget section */

/* Begin PBXProject section */
		A8262B8428CE49DF0066C922 /* Project object */ = {
			isa = PBXProject;
			attributes = {
				BuildIndependentTargetsInParallel = 1;
				LastSwiftUpdateCheck = 1330;
				LastUpgradeCheck = 1330;
				TargetAttributes = {
					A8262B8B28CE49DF0066C922 = {
						CreatedOnToolsVersion = 13.3.1;
					};
					A8262BA128CE49E10066C922 = {
						CreatedOnToolsVersion = 13.3.1;
						TestTargetID = A8262B8B28CE49DF0066C922;
					};
					A8262BAB28CE49E10066C922 = {
						CreatedOnToolsVersion = 13.3.1;
						TestTargetID = A8262B8B28CE49DF0066C922;
					};
				};
			};
			buildConfigurationList = A8262B8728CE49DF0066C922 /* Build configuration list for PBXProject "Flix" */;
			compatibilityVersion = "Xcode 13.0";
			developmentRegion = en;
			hasScannedForEncodings = 0;
			knownRegions = (
				en,
				Base,
			);
			mainGroup = A8262B8328CE49DF0066C922;
			packageReferences = (
				A8F8456528CE63F700168DFB /* XCRemoteSwiftPackageReference "AlamofireImage" */,
			);
			productRefGroup = A8262B8D28CE49DF0066C922 /* Products */;
			projectDirPath = "";
			projectRoot = "";
			targets = (
				A8262B8B28CE49DF0066C922 /* Flix */,
				A8262BA128CE49E10066C922 /* FlixTests */,
				A8262BAB28CE49E10066C922 /* FlixUITests */,
			);
		};
/* End PBXProject section */

/* Begin PBXResourcesBuildPhase section */
		A8262B8A28CE49DF0066C922 /* Resources */ = {
			isa = PBXResourcesBuildPhase;
			buildActionMask = 2147483647;
			files = (
				A8262B9C28CE49E10066C922 /* LaunchScreen.storyboard in Resources */,
				A8262B9928CE49E10066C922 /* Assets.xcassets in Resources */,
				A8262B9728CE49DF0066C922 /* Main.storyboard in Resources */,
			);
			runOnlyForDeploymentPostprocessing = 0;
		};
		A8262BA028CE49E10066C922 /* Resources */ = {
			isa = PBXResourcesBuildPhase;
			buildActionMask = 2147483647;
			files = (
			);
			runOnlyForDeploymentPostprocessing = 0;
		};
		A8262BAA28CE49E10066C922 /* Resources */ = {
			isa = PBXResourcesBuildPhase;
			buildActionMask = 2147483647;
			files = (
			);
			runOnlyForDeploymentPostprocessing = 0;
		};
/* End PBXResourcesBuildPhase section */

/* Begin PBXShellScriptBuildPhase section */
		3C1FA4244F71C89919F4A498 /* [CP] Embed Pods Frameworks */ = {
			isa = PBXShellScriptBuildPhase;
			buildActionMask = 2147483647;
			files = (
			);
			inputFileListPaths = (
				"${PODS_ROOT}/Target Support Files/Pods-Flix-FlixUITests/Pods-Flix-FlixUITests-frameworks-${CONFIGURATION}-input-files.xcfilelist",
			);
			name = "[CP] Embed Pods Frameworks";
			outputFileListPaths = (
				"${PODS_ROOT}/Target Support Files/Pods-Flix-FlixUITests/Pods-Flix-FlixUITests-frameworks-${CONFIGURATION}-output-files.xcfilelist",
			);
			runOnlyForDeploymentPostprocessing = 0;
			shellPath = /bin/sh;
			shellScript = "\"${PODS_ROOT}/Target Support Files/Pods-Flix-FlixUITests/Pods-Flix-FlixUITests-frameworks.sh\"\n";
			showEnvVarsInLog = 0;
		};
		654733D3BA1EA077CE81CB1B /* [CP] Check Pods Manifest.lock */ = {
			isa = PBXShellScriptBuildPhase;
			buildActionMask = 2147483647;
			files = (
			);
			inputFileListPaths = (
			);
			inputPaths = (
				"${PODS_PODFILE_DIR_PATH}/Podfile.lock",
				"${PODS_ROOT}/Manifest.lock",
			);
			name = "[CP] Check Pods Manifest.lock";
			outputFileListPaths = (
			);
			outputPaths = (
				"$(DERIVED_FILE_DIR)/Pods-FlixTests-checkManifestLockResult.txt",
			);
			runOnlyForDeploymentPostprocessing = 0;
			shellPath = /bin/sh;
			shellScript = "diff \"${PODS_PODFILE_DIR_PATH}/Podfile.lock\" \"${PODS_ROOT}/Manifest.lock\" > /dev/null\nif [ $? != 0 ] ; then\n    # print error to STDERR\n    echo \"error: The sandbox is not in sync with the Podfile.lock. Run 'pod install' or update your CocoaPods installation.\" >&2\n    exit 1\nfi\n# This output is used by Xcode 'outputs' to avoid re-running this script phase.\necho \"SUCCESS\" > \"${SCRIPT_OUTPUT_FILE_0}\"\n";
			showEnvVarsInLog = 0;
		};
		AB4BD2E512F77496C540DC6C /* [CP] Check Pods Manifest.lock */ = {
			isa = PBXShellScriptBuildPhase;
			buildActionMask = 2147483647;
			files = (
			);
			inputFileListPaths = (
			);
			inputPaths = (
				"${PODS_PODFILE_DIR_PATH}/Podfile.lock",
				"${PODS_ROOT}/Manifest.lock",
			);
			name = "[CP] Check Pods Manifest.lock";
			outputFileListPaths = (
			);
			outputPaths = (
				"$(DERIVED_FILE_DIR)/Pods-Flix-checkManifestLockResult.txt",
			);
			runOnlyForDeploymentPostprocessing = 0;
			shellPath = /bin/sh;
			shellScript = "diff \"${PODS_PODFILE_DIR_PATH}/Podfile.lock\" \"${PODS_ROOT}/Manifest.lock\" > /dev/null\nif [ $? != 0 ] ; then\n    # print error to STDERR\n    echo \"error: The sandbox is not in sync with the Podfile.lock. Run 'pod install' or update your CocoaPods installation.\" >&2\n    exit 1\nfi\n# This output is used by Xcode 'outputs' to avoid re-running this script phase.\necho \"SUCCESS\" > \"${SCRIPT_OUTPUT_FILE_0}\"\n";
			showEnvVarsInLog = 0;
		};
		C45301F8D71F9F2D1518899C /* [CP] Check Pods Manifest.lock */ = {
			isa = PBXShellScriptBuildPhase;
			buildActionMask = 2147483647;
			files = (
			);
			inputFileListPaths = (
			);
			inputPaths = (
				"${PODS_PODFILE_DIR_PATH}/Podfile.lock",
				"${PODS_ROOT}/Manifest.lock",
			);
			name = "[CP] Check Pods Manifest.lock";
			outputFileListPaths = (
			);
			outputPaths = (
				"$(DERIVED_FILE_DIR)/Pods-Flix-FlixUITests-checkManifestLockResult.txt",
			);
			runOnlyForDeploymentPostprocessing = 0;
			shellPath = /bin/sh;
			shellScript = "diff \"${PODS_PODFILE_DIR_PATH}/Podfile.lock\" \"${PODS_ROOT}/Manifest.lock\" > /dev/null\nif [ $? != 0 ] ; then\n    # print error to STDERR\n    echo \"error: The sandbox is not in sync with the Podfile.lock. Run 'pod install' or update your CocoaPods installation.\" >&2\n    exit 1\nfi\n# This output is used by Xcode 'outputs' to avoid re-running this script phase.\necho \"SUCCESS\" > \"${SCRIPT_OUTPUT_FILE_0}\"\n";
			showEnvVarsInLog = 0;
		};
		F35639B2E81CFF95F9D370F5 /* [CP] Embed Pods Frameworks */ = {
			isa = PBXShellScriptBuildPhase;
			buildActionMask = 2147483647;
			files = (
			);
			inputFileListPaths = (
				"${PODS_ROOT}/Target Support Files/Pods-Flix/Pods-Flix-frameworks-${CONFIGURATION}-input-files.xcfilelist",
			);
			name = "[CP] Embed Pods Frameworks";
			outputFileListPaths = (
				"${PODS_ROOT}/Target Support Files/Pods-Flix/Pods-Flix-frameworks-${CONFIGURATION}-output-files.xcfilelist",
			);
			runOnlyForDeploymentPostprocessing = 0;
			shellPath = /bin/sh;
			shellScript = "\"${PODS_ROOT}/Target Support Files/Pods-Flix/Pods-Flix-frameworks.sh\"\n";
			showEnvVarsInLog = 0;
		};
/* End PBXShellScriptBuildPhase section */

/* Begin PBXSourcesBuildPhase section */
		A8262B8828CE49DF0066C922 /* Sources */ = {
			isa = PBXSourcesBuildPhase;
			buildActionMask = 2147483647;
			files = (
				A8262B9428CE49DF0066C922 /* MoviesViewController.swift in Sources */,
				A8262B9028CE49DF0066C922 /* AppDelegate.swift in Sources */,
				A8F8456428CE5DA500168DFB /* MovieCell.swift in Sources */,
				A8262B9228CE49DF0066C922 /* SceneDelegate.swift in Sources */,
			);
			runOnlyForDeploymentPostprocessing = 0;
		};
		A8262B9E28CE49E10066C922 /* Sources */ = {
			isa = PBXSourcesBuildPhase;
			buildActionMask = 2147483647;
			files = (
				A8262BA728CE49E10066C922 /* FlixTests.swift in Sources */,
			);
			runOnlyForDeploymentPostprocessing = 0;
		};
		A8262BA828CE49E10066C922 /* Sources */ = {
			isa = PBXSourcesBuildPhase;
			buildActionMask = 2147483647;
			files = (
				A8262BB128CE49E10066C922 /* FlixUITests.swift in Sources */,
				A8262BB328CE49E10066C922 /* FlixUITestsLaunchTests.swift in Sources */,
			);
			runOnlyForDeploymentPostprocessing = 0;
		};
/* End PBXSourcesBuildPhase section */

/* Begin PBXTargetDependency section */
		A8262BA428CE49E10066C922 /* PBXTargetDependency */ = {
			isa = PBXTargetDependency;
			target = A8262B8B28CE49DF0066C922 /* Flix */;
			targetProxy = A8262BA328CE49E10066C922 /* PBXContainerItemProxy */;
		};
		A8262BAE28CE49E10066C922 /* PBXTargetDependency */ = {
			isa = PBXTargetDependency;
			target = A8262B8B28CE49DF0066C922 /* Flix */;
			targetProxy = A8262BAD28CE49E10066C922 /* PBXContainerItemProxy */;
		};
/* End PBXTargetDependency section */

/* Begin PBXVariantGroup section */
		A8262B9528CE49DF0066C922 /* Main.storyboard */ = {
			isa = PBXVariantGroup;
			children = (
				A8262B9628CE49DF0066C922 /* Base */,
			);
			name = Main.storyboard;
			sourceTree = "<group>";
		};
		A8262B9A28CE49E10066C922 /* LaunchScreen.storyboard */ = {
			isa = PBXVariantGroup;
			children = (
				A8262B9B28CE49E10066C922 /* Base */,
			);
			name = LaunchScreen.storyboard;
			sourceTree = "<group>";
		};
/* End PBXVariantGroup section */

/* Begin XCBuildConfiguration section */
		A8262BB428CE49E10066C922 /* Debug */ = {
			isa = XCBuildConfiguration;
			buildSettings = {
				ALWAYS_SEARCH_USER_PATHS = NO;
				CLANG_ANALYZER_NONNULL = YES;
				CLANG_ANALYZER_NUMBER_OBJECT_CONVERSION = YES_AGGRESSIVE;
				CLANG_CXX_LANGUAGE_STANDARD = "gnu++17";
				CLANG_ENABLE_MODULES = YES;
				CLANG_ENABLE_OBJC_ARC = YES;
				CLANG_ENABLE_OBJC_WEAK = YES;
				CLANG_WARN_BLOCK_CAPTURE_AUTORELEASING = YES;
				CLANG_WARN_BOOL_CONVERSION = YES;
				CLANG_WARN_COMMA = YES;
				CLANG_WARN_CONSTANT_CONVERSION = YES;
				CLANG_WARN_DEPRECATED_OBJC_IMPLEMENTATIONS = YES;
				CLANG_WARN_DIRECT_OBJC_ISA_USAGE = YES_ERROR;
				CLANG_WARN_DOCUMENTATION_COMMENTS = YES;
				CLANG_WARN_EMPTY_BODY = YES;
				CLANG_WARN_ENUM_CONVERSION = YES;
				CLANG_WARN_INFINITE_RECURSION = YES;
				CLANG_WARN_INT_CONVERSION = YES;
				CLANG_WARN_NON_LITERAL_NULL_CONVERSION = YES;
				CLANG_WARN_OBJC_IMPLICIT_RETAIN_SELF = YES;
				CLANG_WARN_OBJC_LITERAL_CONVERSION = YES;
				CLANG_WARN_OBJC_ROOT_CLASS = YES_ERROR;
				CLANG_WARN_QUOTED_INCLUDE_IN_FRAMEWORK_HEADER = YES;
				CLANG_WARN_RANGE_LOOP_ANALYSIS = YES;
				CLANG_WARN_STRICT_PROTOTYPES = YES;
				CLANG_WARN_SUSPICIOUS_MOVE = YES;
				CLANG_WARN_UNGUARDED_AVAILABILITY = YES_AGGRESSIVE;
				CLANG_WARN_UNREACHABLE_CODE = YES;
				CLANG_WARN__DUPLICATE_METHOD_MATCH = YES;
				COPY_PHASE_STRIP = NO;
				DEBUG_INFORMATION_FORMAT = dwarf;
				ENABLE_STRICT_OBJC_MSGSEND = YES;
				ENABLE_TESTABILITY = YES;
				GCC_C_LANGUAGE_STANDARD = gnu11;
				GCC_DYNAMIC_NO_PIC = NO;
				GCC_NO_COMMON_BLOCKS = YES;
				GCC_OPTIMIZATION_LEVEL = 0;
				GCC_PREPROCESSOR_DEFINITIONS = (
					"DEBUG=1",
					"$(inherited)",
				);
				GCC_WARN_64_TO_32_BIT_CONVERSION = YES;
				GCC_WARN_ABOUT_RETURN_TYPE = YES_ERROR;
				GCC_WARN_UNDECLARED_SELECTOR = YES;
				GCC_WARN_UNINITIALIZED_AUTOS = YES_AGGRESSIVE;
				GCC_WARN_UNUSED_FUNCTION = YES;
				GCC_WARN_UNUSED_VARIABLE = YES;
				IPHONEOS_DEPLOYMENT_TARGET = 15.4;
				MTL_ENABLE_DEBUG_INFO = INCLUDE_SOURCE;
				MTL_FAST_MATH = YES;
				ONLY_ACTIVE_ARCH = YES;
				SDKROOT = iphoneos;
				SWIFT_ACTIVE_COMPILATION_CONDITIONS = DEBUG;
				SWIFT_OPTIMIZATION_LEVEL = "-Onone";
			};
			name = Debug;
		};
		A8262BB528CE49E10066C922 /* Release */ = {
			isa = XCBuildConfiguration;
			buildSettings = {
				ALWAYS_SEARCH_USER_PATHS = NO;
				CLANG_ANALYZER_NONNULL = YES;
				CLANG_ANALYZER_NUMBER_OBJECT_CONVERSION = YES_AGGRESSIVE;
				CLANG_CXX_LANGUAGE_STANDARD = "gnu++17";
				CLANG_ENABLE_MODULES = YES;
				CLANG_ENABLE_OBJC_ARC = YES;
				CLANG_ENABLE_OBJC_WEAK = YES;
				CLANG_WARN_BLOCK_CAPTURE_AUTORELEASING = YES;
				CLANG_WARN_BOOL_CONVERSION = YES;
				CLANG_WARN_COMMA = YES;
				CLANG_WARN_CONSTANT_CONVERSION = YES;
				CLANG_WARN_DEPRECATED_OBJC_IMPLEMENTATIONS = YES;
				CLANG_WARN_DIRECT_OBJC_ISA_USAGE = YES_ERROR;
				CLANG_WARN_DOCUMENTATION_COMMENTS = YES;
				CLANG_WARN_EMPTY_BODY = YES;
				CLANG_WARN_ENUM_CONVERSION = YES;
				CLANG_WARN_INFINITE_RECURSION = YES;
				CLANG_WARN_INT_CONVERSION = YES;
				CLANG_WARN_NON_LITERAL_NULL_CONVERSION = YES;
				CLANG_WARN_OBJC_IMPLICIT_RETAIN_SELF = YES;
				CLANG_WARN_OBJC_LITERAL_CONVERSION = YES;
				CLANG_WARN_OBJC_ROOT_CLASS = YES_ERROR;
				CLANG_WARN_QUOTED_INCLUDE_IN_FRAMEWORK_HEADER = YES;
				CLANG_WARN_RANGE_LOOP_ANALYSIS = YES;
				CLANG_WARN_STRICT_PROTOTYPES = YES;
				CLANG_WARN_SUSPICIOUS_MOVE = YES;
				CLANG_WARN_UNGUARDED_AVAILABILITY = YES_AGGRESSIVE;
				CLANG_WARN_UNREACHABLE_CODE = YES;
				CLANG_WARN__DUPLICATE_METHOD_MATCH = YES;
				COPY_PHASE_STRIP = NO;
				DEBUG_INFORMATION_FORMAT = "dwarf-with-dsym";
				ENABLE_NS_ASSERTIONS = NO;
				ENABLE_STRICT_OBJC_MSGSEND = YES;
				GCC_C_LANGUAGE_STANDARD = gnu11;
				GCC_NO_COMMON_BLOCKS = YES;
				GCC_WARN_64_TO_32_BIT_CONVERSION = YES;
				GCC_WARN_ABOUT_RETURN_TYPE = YES_ERROR;
				GCC_WARN_UNDECLARED_SELECTOR = YES;
				GCC_WARN_UNINITIALIZED_AUTOS = YES_AGGRESSIVE;
				GCC_WARN_UNUSED_FUNCTION = YES;
				GCC_WARN_UNUSED_VARIABLE = YES;
				IPHONEOS_DEPLOYMENT_TARGET = 15.4;
				MTL_ENABLE_DEBUG_INFO = NO;
				MTL_FAST_MATH = YES;
				SDKROOT = iphoneos;
				SWIFT_COMPILATION_MODE = wholemodule;
				SWIFT_OPTIMIZATION_LEVEL = "-O";
				VALIDATE_PRODUCT = YES;
			};
			name = Release;
		};
		A8262BB728CE49E10066C922 /* Debug */ = {
			isa = XCBuildConfiguration;
			baseConfigurationReference = DCFE0E0B0D069A68797E7F17 /* Pods-Flix.debug.xcconfig */;
			buildSettings = {
				ASSETCATALOG_COMPILER_APPICON_NAME = AppIcon;
				ASSETCATALOG_COMPILER_GLOBAL_ACCENT_COLOR_NAME = AccentColor;
				CODE_SIGN_STYLE = Automatic;
				CURRENT_PROJECT_VERSION = 1;
				DEVELOPMENT_TEAM = ZQ9675P49P;
				GENERATE_INFOPLIST_FILE = YES;
				INFOPLIST_FILE = Flix/Info.plist;
				INFOPLIST_KEY_UIApplicationSupportsIndirectInputEvents = YES;
				INFOPLIST_KEY_UILaunchStoryboardName = LaunchScreen;
				INFOPLIST_KEY_UIMainStoryboardFile = Main;
				INFOPLIST_KEY_UISupportedInterfaceOrientations_iPad = "UIInterfaceOrientationPortrait UIInterfaceOrientationPortraitUpsideDown UIInterfaceOrientationLandscapeLeft UIInterfaceOrientationLandscapeRight";
				INFOPLIST_KEY_UISupportedInterfaceOrientations_iPhone = "UIInterfaceOrientationPortrait UIInterfaceOrientationLandscapeLeft UIInterfaceOrientationLandscapeRight";
				LD_RUNPATH_SEARCH_PATHS = (
					"$(inherited)",
					"@executable_path/Frameworks",
				);
				MARKETING_VERSION = 1.0;
				PRODUCT_BUNDLE_IDENTIFIER = com.codepath.FlixPart1;
				PRODUCT_NAME = "$(TARGET_NAME)";
				SWIFT_EMIT_LOC_STRINGS = YES;
				SWIFT_VERSION = 5.0;
				TARGETED_DEVICE_FAMILY = "1,2";
			};
			name = Debug;
		};
		A8262BB828CE49E10066C922 /* Release */ = {
			isa = XCBuildConfiguration;
			baseConfigurationReference = CA0905756112828B618F1111 /* Pods-Flix.release.xcconfig */;
			buildSettings = {
				ASSETCATALOG_COMPILER_APPICON_NAME = AppIcon;
				ASSETCATALOG_COMPILER_GLOBAL_ACCENT_COLOR_NAME = AccentColor;
				CODE_SIGN_STYLE = Automatic;
				CURRENT_PROJECT_VERSION = 1;
				DEVELOPMENT_TEAM = ZQ9675P49P;
				GENERATE_INFOPLIST_FILE = YES;
				INFOPLIST_FILE = Flix/Info.plist;
				INFOPLIST_KEY_UIApplicationSupportsIndirectInputEvents = YES;
				INFOPLIST_KEY_UILaunchStoryboardName = LaunchScreen;
				INFOPLIST_KEY_UIMainStoryboardFile = Main;
				INFOPLIST_KEY_UISupportedInterfaceOrientations_iPad = "UIInterfaceOrientationPortrait UIInterfaceOrientationPortraitUpsideDown UIInterfaceOrientationLandscapeLeft UIInterfaceOrientationLandscapeRight";
				INFOPLIST_KEY_UISupportedInterfaceOrientations_iPhone = "UIInterfaceOrientationPortrait UIInterfaceOrientationLandscapeLeft UIInterfaceOrientationLandscapeRight";
				LD_RUNPATH_SEARCH_PATHS = (
					"$(inherited)",
					"@executable_path/Frameworks",
				);
				MARKETING_VERSION = 1.0;
				PRODUCT_BUNDLE_IDENTIFIER = com.codepath.FlixPart1;
				PRODUCT_NAME = "$(TARGET_NAME)";
				SWIFT_EMIT_LOC_STRINGS = YES;
				SWIFT_VERSION = 5.0;
				TARGETED_DEVICE_FAMILY = "1,2";
			};
			name = Release;
		};
		A8262BBA28CE49E10066C922 /* Debug */ = {
			isa = XCBuildConfiguration;
			baseConfigurationReference = F1BC0C065A597560ACC4D5E6 /* Pods-FlixTests.debug.xcconfig */;
			buildSettings = {
				ALWAYS_EMBED_SWIFT_STANDARD_LIBRARIES = YES;
				BUNDLE_LOADER = "$(TEST_HOST)";
				CODE_SIGN_STYLE = Automatic;
				CURRENT_PROJECT_VERSION = 1;
				DEVELOPMENT_TEAM = ZQ9675P49P;
				GENERATE_INFOPLIST_FILE = YES;
				IPHONEOS_DEPLOYMENT_TARGET = 15.4;
				MARKETING_VERSION = 1.0;
				PRODUCT_BUNDLE_IDENTIFIER = com.codepath.FlixTests;
				PRODUCT_NAME = "$(TARGET_NAME)";
				SWIFT_EMIT_LOC_STRINGS = NO;
				SWIFT_VERSION = 5.0;
				TARGETED_DEVICE_FAMILY = "1,2";
				TEST_HOST = "$(BUILT_PRODUCTS_DIR)/Flix.app/Flix";
			};
			name = Debug;
		};
		A8262BBB28CE49E10066C922 /* Release */ = {
			isa = XCBuildConfiguration;
			baseConfigurationReference = 84F143691156F8B8CC02C984 /* Pods-FlixTests.release.xcconfig */;
			buildSettings = {
				ALWAYS_EMBED_SWIFT_STANDARD_LIBRARIES = YES;
				BUNDLE_LOADER = "$(TEST_HOST)";
				CODE_SIGN_STYLE = Automatic;
				CURRENT_PROJECT_VERSION = 1;
				DEVELOPMENT_TEAM = ZQ9675P49P;
				GENERATE_INFOPLIST_FILE = YES;
				IPHONEOS_DEPLOYMENT_TARGET = 15.4;
				MARKETING_VERSION = 1.0;
				PRODUCT_BUNDLE_IDENTIFIER = com.codepath.FlixTests;
				PRODUCT_NAME = "$(TARGET_NAME)";
				SWIFT_EMIT_LOC_STRINGS = NO;
				SWIFT_VERSION = 5.0;
				TARGETED_DEVICE_FAMILY = "1,2";
				TEST_HOST = "$(BUILT_PRODUCTS_DIR)/Flix.app/Flix";
			};
			name = Release;
		};
		A8262BBD28CE49E10066C922 /* Debug */ = {
			isa = XCBuildConfiguration;
			baseConfigurationReference = C03A4D4C7A1EC9CD695C4F8D /* Pods-Flix-FlixUITests.debug.xcconfig */;
			buildSettings = {
				ALWAYS_EMBED_SWIFT_STANDARD_LIBRARIES = YES;
				CODE_SIGN_STYLE = Automatic;
				CURRENT_PROJECT_VERSION = 1;
				DEVELOPMENT_TEAM = ZQ9675P49P;
				GENERATE_INFOPLIST_FILE = YES;
				MARKETING_VERSION = 1.0;
				PRODUCT_BUNDLE_IDENTIFIER = com.codepath.FlixUITests;
				PRODUCT_NAME = "$(TARGET_NAME)";
				SWIFT_EMIT_LOC_STRINGS = NO;
				SWIFT_VERSION = 5.0;
				TARGETED_DEVICE_FAMILY = "1,2";
				TEST_TARGET_NAME = Flix;
			};
			name = Debug;
		};
		A8262BBE28CE49E10066C922 /* Release */ = {
			isa = XCBuildConfiguration;
			baseConfigurationReference = 5827108683B2D50C9CE0657D /* Pods-Flix-FlixUITests.release.xcconfig */;
			buildSettings = {
				ALWAYS_EMBED_SWIFT_STANDARD_LIBRARIES = YES;
				CODE_SIGN_STYLE = Automatic;
				CURRENT_PROJECT_VERSION = 1;
				DEVELOPMENT_TEAM = ZQ9675P49P;
				GENERATE_INFOPLIST_FILE = YES;
				MARKETING_VERSION = 1.0;
				PRODUCT_BUNDLE_IDENTIFIER = com.codepath.FlixUITests;
				PRODUCT_NAME = "$(TARGET_NAME)";
				SWIFT_EMIT_LOC_STRINGS = NO;
				SWIFT_VERSION = 5.0;
				TARGETED_DEVICE_FAMILY = "1,2";
				TEST_TARGET_NAME = Flix;
			};
			name = Release;
		};
/* End XCBuildConfiguration section */

/* Begin XCConfigurationList section */
		A8262B8728CE49DF0066C922 /* Build configuration list for PBXProject "Flix" */ = {
			isa = XCConfigurationList;
			buildConfigurations = (
				A8262BB428CE49E10066C922 /* Debug */,
				A8262BB528CE49E10066C922 /* Release */,
			);
			defaultConfigurationIsVisible = 0;
			defaultConfigurationName = Release;
		};
		A8262BB628CE49E10066C922 /* Build configuration list for PBXNativeTarget "Flix" */ = {
			isa = XCConfigurationList;
			buildConfigurations = (
				A8262BB728CE49E10066C922 /* Debug */,
				A8262BB828CE49E10066C922 /* Release */,
			);
			defaultConfigurationIsVisible = 0;
			defaultConfigurationName = Release;
		};
		A8262BB928CE49E10066C922 /* Build configuration list for PBXNativeTarget "FlixTests" */ = {
			isa = XCConfigurationList;
			buildConfigurations = (
				A8262BBA28CE49E10066C922 /* Debug */,
				A8262BBB28CE49E10066C922 /* Release */,
			);
			defaultConfigurationIsVisible = 0;
			defaultConfigurationName = Release;
		};
		A8262BBC28CE49E10066C922 /* Build configuration list for PBXNativeTarget "FlixUITests" */ = {
			isa = XCConfigurationList;
			buildConfigurations = (
				A8262BBD28CE49E10066C922 /* Debug */,
				A8262BBE28CE49E10066C922 /* Release */,
			);
			defaultConfigurationIsVisible = 0;
			defaultConfigurationName = Release;
		};
/* End XCConfigurationList section */

/* Begin XCRemoteSwiftPackageReference section */
		A8F8456528CE63F700168DFB /* XCRemoteSwiftPackageReference "AlamofireImage" */ = {
			isa = XCRemoteSwiftPackageReference;
			repositoryURL = "https://github.com/Alamofire/AlamofireImage";
			requirement = {
				kind = upToNextMajorVersion;
				minimumVersion = 4.0.0;
			};
		};
/* End XCRemoteSwiftPackageReference section */

/* Begin XCSwiftPackageProductDependency section */
		A8F8456628CE63F700168DFB /* AlamofireImage */ = {
			isa = XCSwiftPackageProductDependency;
			package = A8F8456528CE63F700168DFB /* XCRemoteSwiftPackageReference "AlamofireImage" */;
			productName = AlamofireImage;
		};
/* End XCSwiftPackageProductDependency section */
	};
	rootObject = A8262B8428CE49DF0066C922 /* Project object */;
}
